
Microsoft Visual Studio Solution File, Format Version 12.00
# Visual Studio Version 17
VisualStudioVersion = 17.3.32804.467
MinimumVisualStudioVersion = 10.0.40219.1
Project("{FAE04EC0-301F-11D3-BF4B-00C04F79EFBC}") = "IndianStatesCensusAnalyser", "IndianStatesCensusAnalyser.csproj", "{7C2D00ED-A8B2-4BB8-84E1-81FB3F7D1166}"
EndProject
Project("{FAE04EC0-301F-11D3-BF4B-00C04F79EFBC}") = "IndianStateCensusAnalyserTest", "..\IndianStateCensusAnalyserTest\IndianStateCensusAnalyserTest.csproj", "{6A01ADF9-042C-4038-9CD8-F2540028F46C}"
EndProject
Global
	GlobalSection(SolutionConfigurationPlatforms) = preSolution
		Debug|Any CPU = Debug|Any CPU
		Release|Any CPU = Release|Any CPU
	EndGlobalSection
	GlobalSection(ProjectConfigurationPlatforms) = postSolution
		{7C2D00ED-A8B2-4BB8-84E1-81FB3F7D1166}.Debug|Any CPU.ActiveCfg = Debug|Any CPU
		{7C2D00ED-A8B2-4BB8-84E1-81FB3F7D1166}.Debug|Any CPU.Build.0 = Debug|Any CPU
		{7C2D00ED-A8B2-4BB8-84E1-81FB3F7D1166}.Release|Any CPU.ActiveCfg = Release|Any CPU
		{7C2D00ED-A8B2-4BB8-84E1-81FB3F7D1166}.Release|Any CPU.Build.0 = Release|Any CPU
		{6A01ADF9-042C-4038-9CD8-F2540028F46C}.Debug|Any CPU.ActiveCfg = Debug|Any CPU
		{6A01ADF9-042C-4038-9CD8-F2540028F46C}.Debug|Any CPU.Build.0 = Debug|Any CPU
		{6A01ADF9-042C-4038-9CD8-F2540028F46C}.Release|Any CPU.ActiveCfg = Release|Any CPU
		{6A01ADF9-042C-4038-9CD8-F2540028F46C}.Release|Any CPU.Build.0 = Release|Any CPU
	EndGlobalSection
	GlobalSection(SolutionProperties) = preSolution
		HideSolutionNode = FALSE
	EndGlobalSection
	GlobalSection(ExtensibilityGlobals) = postSolution
		SolutionGuid = {96A0F7AC-E48E-4FC6-8004-DFE87B5A968F}
	EndGlobalSection
EndGlobal
